// !$*UTF8*$!
{
	archiveVersion = 1;
	classes = {
	};
	objectVersion = 50;
	objects = {

/* Begin PBXBuildFile section */
		136DCEE3269D3A4A00F95E17 /* Sandbox.swift in Sources */ = {isa = PBXBuildFile; fileRef = 136DCEE2269D3A4A00F95E17 /* Sandbox.swift */; };
		136DCEE4269D421700F95E17 /* Sandbox.swift in Sources */ = {isa = PBXBuildFile; fileRef = 136DCEE2269D3A4A00F95E17 /* Sandbox.swift */; };
		139945ED268EB14700AD8CCA /* ViewSnaper.swift in Sources */ = {isa = PBXBuildFile; fileRef = 139945EC268EB14700AD8CCA /* ViewSnaper.swift */; };
		139945EF268EBEF600AD8CCA /* MaxiumFontLabel.swift in Sources */ = {isa = PBXBuildFile; fileRef = 139945EE268EBEF600AD8CCA /* MaxiumFontLabel.swift */; };
		139945F12691C4AF00AD8CCA /* SymbolPickerViewController.swift in Sources */ = {isa = PBXBuildFile; fileRef = 139945F02691C4AF00AD8CCA /* SymbolPickerViewController.swift */; };
		1399462F2692F88A00AD8CCA /* SymbolItem.swift in Sources */ = {isa = PBXBuildFile; fileRef = 1399462E2692F88A00AD8CCA /* SymbolItem.swift */; };
		139946312692F92100AD8CCA /* SymbolItem.xib in Resources */ = {isa = PBXBuildFile; fileRef = 139946302692F92100AD8CCA /* SymbolItem.xib */; };
		1399464626940F9900AD8CCA /* Symbols.swift in Sources */ = {isa = PBXBuildFile; fileRef = 1399464526940F9900AD8CCA /* Symbols.swift */; };
		1399464C269730C100AD8CCA /* InfoViewController.swift in Sources */ = {isa = PBXBuildFile; fileRef = 1399464B269730C100AD8CCA /* InfoViewController.swift */; };
		1399464E2699547F00AD8CCA /* TextField.swift in Sources */ = {isa = PBXBuildFile; fileRef = 1399464D2699547F00AD8CCA /* TextField.swift */; };
		1399465026995D8D00AD8CCA /* LaunchController.swift in Sources */ = {isa = PBXBuildFile; fileRef = 1399464F26995D8D00AD8CCA /* LaunchController.swift */; };
		1399465A269AEBA000AD8CCA /* LocalizeString.swift in Sources */ = {isa = PBXBuildFile; fileRef = 13994659269AEBA000AD8CCA /* LocalizeString.swift */; };
		1399465B269AEBA000AD8CCA /* LocalizeString.swift in Sources */ = {isa = PBXBuildFile; fileRef = 13994659269AEBA000AD8CCA /* LocalizeString.swift */; };
		1399465C269AED4600AD8CCA /* Localizable.strings in Resources */ = {isa = PBXBuildFile; fileRef = 1399465F269AED4600AD8CCA /* Localizable.strings */; };
		1399465D269AED4600AD8CCA /* Localizable.strings in Resources */ = {isa = PBXBuildFile; fileRef = 1399465F269AED4600AD8CCA /* Localizable.strings */; };
		13B5EB6A267F372F0018D717 /* IconModelController.swift in Sources */ = {isa = PBXBuildFile; fileRef = 13B5EB69267F372F0018D717 /* IconModelController.swift */; };
		13D11A6C2680701B00182F58 /* IconEditorViewController.swift in Sources */ = {isa = PBXBuildFile; fileRef = 13D11A6B2680701B00182F58 /* IconEditorViewController.swift */; };
		13E57C382684438800EBD74F /* IconModel.swift in Sources */ = {isa = PBXBuildFile; fileRef = 13FF6A402675FE580043597D /* IconModel.swift */; };
		13E57C3A2684489B00EBD74F /* IconImage.swift in Sources */ = {isa = PBXBuildFile; fileRef = 13E57C392684489B00EBD74F /* IconImage.swift */; };
		13E57C3B2684489B00EBD74F /* IconImage.swift in Sources */ = {isa = PBXBuildFile; fileRef = 13E57C392684489B00EBD74F /* IconImage.swift */; };
		13E57C3C268448E900EBD74F /* IconModelController.swift in Sources */ = {isa = PBXBuildFile; fileRef = 13B5EB69267F372F0018D717 /* IconModelController.swift */; };
		13FF6A13267568090043597D /* AppDelegate.swift in Sources */ = {isa = PBXBuildFile; fileRef = 13FF6A12267568090043597D /* AppDelegate.swift */; };
		13FF6A15267568090043597D /* MainController.swift in Sources */ = {isa = PBXBuildFile; fileRef = 13FF6A14267568090043597D /* MainController.swift */; };
		13FF6A172675680A0043597D /* Assets.xcassets in Resources */ = {isa = PBXBuildFile; fileRef = 13FF6A162675680A0043597D /* Assets.xcassets */; };
		13FF6A1A2675680A0043597D /* Main.storyboard in Resources */ = {isa = PBXBuildFile; fileRef = 13FF6A182675680A0043597D /* Main.storyboard */; };
		13FF6A292675681F0043597D /* FinderSync.swift in Sources */ = {isa = PBXBuildFile; fileRef = 13FF6A282675681F0043597D /* FinderSync.swift */; };
		13FF6A2E2675681F0043597D /* Tager Menu.appex in Embed App Extensions */ = {isa = PBXBuildFile; fileRef = 13FF6A262675681F0043597D /* Tager Menu.appex */; settings = {ATTRIBUTES = (RemoveHeadersOnCopy, ); }; };
		13FF6A342675AD790043597D /* Assets.xcassets in Resources */ = {isa = PBXBuildFile; fileRef = 13FF6A162675680A0043597D /* Assets.xcassets */; };
		13FF6A392675AE570043597D /* Storage.swift in Sources */ = {isa = PBXBuildFile; fileRef = 13FF6A382675AE570043597D /* Storage.swift */; };
		13FF6A3A2675AE5B0043597D /* Storage.swift in Sources */ = {isa = PBXBuildFile; fileRef = 13FF6A382675AE570043597D /* Storage.swift */; };
		13FF6A3E2675E45E0043597D /* MainWindowController.swift in Sources */ = {isa = PBXBuildFile; fileRef = 13FF6A3D2675E45E0043597D /* MainWindowController.swift */; };
		13FF6A412675FE580043597D /* IconModel.swift in Sources */ = {isa = PBXBuildFile; fileRef = 13FF6A402675FE580043597D /* IconModel.swift */; };
		13FF6A4426765EDE0043597D /* IconItems.swift in Sources */ = {isa = PBXBuildFile; fileRef = 13FF6A4326765EDE0043597D /* IconItems.swift */; };
		13FF6A4726765F460043597D /* IconItem.xib in Resources */ = {isa = PBXBuildFile; fileRef = 13FF6A4626765F460043597D /* IconItem.xib */; };
/* End PBXBuildFile section */

/* Begin PBXContainerItemProxy section */
		13FF6A2C2675681F0043597D /* PBXContainerItemProxy */ = {
			isa = PBXContainerItemProxy;
			containerPortal = 13FF6A07267568090043597D /* Project object */;
			proxyType = 1;
			remoteGlobalIDString = 13FF6A252675681F0043597D;
			remoteInfo = Menu;
		};
/* End PBXContainerItemProxy section */

/* Begin PBXCopyFilesBuildPhase section */
		13FF6A322675681F0043597D /* Embed App Extensions */ = {
			isa = PBXCopyFilesBuildPhase;
			buildActionMask = 2147483647;
			dstPath = "";
			dstSubfolderSpec = 13;
			files = (
				13FF6A2E2675681F0043597D /* Tager Menu.appex in Embed App Extensions */,
			);
			name = "Embed App Extensions";
			runOnlyForDeploymentPostprocessing = 0;
		};
/* End PBXCopyFilesBuildPhase section */

/* Begin PBXFileReference section */
		136DCEE2269D3A4A00F95E17 /* Sandbox.swift */ = {isa = PBXFileReference; lastKnownFileType = sourcecode.swift; path = Sandbox.swift; sourceTree = "<group>"; };
		139945EC268EB14700AD8CCA /* ViewSnaper.swift */ = {isa = PBXFileReference; lastKnownFileType = sourcecode.swift; path = ViewSnaper.swift; sourceTree = "<group>"; };
		139945EE268EBEF600AD8CCA /* MaxiumFontLabel.swift */ = {isa = PBXFileReference; lastKnownFileType = sourcecode.swift; path = MaxiumFontLabel.swift; sourceTree = "<group>"; };
		139945F02691C4AF00AD8CCA /* SymbolPickerViewController.swift */ = {isa = PBXFileReference; lastKnownFileType = sourcecode.swift; path = SymbolPickerViewController.swift; sourceTree = "<group>"; };
		1399462E2692F88A00AD8CCA /* SymbolItem.swift */ = {isa = PBXFileReference; lastKnownFileType = sourcecode.swift; path = SymbolItem.swift; sourceTree = "<group>"; };
		139946302692F92100AD8CCA /* SymbolItem.xib */ = {isa = PBXFileReference; lastKnownFileType = file.xib; path = SymbolItem.xib; sourceTree = "<group>"; };
		1399464526940F9900AD8CCA /* Symbols.swift */ = {isa = PBXFileReference; lastKnownFileType = sourcecode.swift; path = Symbols.swift; sourceTree = "<group>"; };
		1399464B269730C100AD8CCA /* InfoViewController.swift */ = {isa = PBXFileReference; lastKnownFileType = sourcecode.swift; path = InfoViewController.swift; sourceTree = "<group>"; };
		1399464D2699547F00AD8CCA /* TextField.swift */ = {isa = PBXFileReference; lastKnownFileType = sourcecode.swift; path = TextField.swift; sourceTree = "<group>"; };
		1399464F26995D8D00AD8CCA /* LaunchController.swift */ = {isa = PBXFileReference; lastKnownFileType = sourcecode.swift; path = LaunchController.swift; sourceTree = "<group>"; };
		13994653269AAB2900AD8CCA /* zh-Hans */ = {isa = PBXFileReference; lastKnownFileType = text.plist.strings; name = "zh-Hans"; path = "zh-Hans.lproj/Main.strings"; sourceTree = "<group>"; };
		13994655269ADF0C00AD8CCA /* en */ = {isa = PBXFileReference; lastKnownFileType = text.plist.strings; name = en; path = en.lproj/Main.strings; sourceTree = "<group>"; };
		13994659269AEBA000AD8CCA /* LocalizeString.swift */ = {isa = PBXFileReference; lastKnownFileType = sourcecode.swift; path = LocalizeString.swift; sourceTree = "<group>"; };
		1399465E269AED4600AD8CCA /* zh-Hans */ = {isa = PBXFileReference; lastKnownFileType = text.plist.strings; name = "zh-Hans"; path = "zh-Hans.lproj/Localizable.strings"; sourceTree = "<group>"; };
		13994660269AED8000AD8CCA /* en */ = {isa = PBXFileReference; lastKnownFileType = text.plist.strings; name = en; path = en.lproj/Localizable.strings; sourceTree = "<group>"; };
		13B5EB69267F372F0018D717 /* IconModelController.swift */ = {isa = PBXFileReference; lastKnownFileType = sourcecode.swift; path = IconModelController.swift; sourceTree = "<group>"; };
		13D11A6B2680701B00182F58 /* IconEditorViewController.swift */ = {isa = PBXFileReference; lastKnownFileType = sourcecode.swift; path = IconEditorViewController.swift; sourceTree = "<group>"; };
		13E57C392684489B00EBD74F /* IconImage.swift */ = {isa = PBXFileReference; lastKnownFileType = sourcecode.swift; path = IconImage.swift; sourceTree = "<group>"; };
		13FF6A0F267568090043597D /* Tager.app */ = {isa = PBXFileReference; explicitFileType = wrapper.application; includeInIndex = 0; path = Tager.app; sourceTree = BUILT_PRODUCTS_DIR; };
		13FF6A12267568090043597D /* AppDelegate.swift */ = {isa = PBXFileReference; lastKnownFileType = sourcecode.swift; path = AppDelegate.swift; sourceTree = "<group>"; };
		13FF6A14267568090043597D /* MainController.swift */ = {isa = PBXFileReference; lastKnownFileType = sourcecode.swift; path = MainController.swift; sourceTree = "<group>"; };
		13FF6A162675680A0043597D /* Assets.xcassets */ = {isa = PBXFileReference; lastKnownFileType = folder.assetcatalog; path = Assets.xcassets; sourceTree = "<group>"; };
		13FF6A192675680A0043597D /* Base */ = {isa = PBXFileReference; lastKnownFileType = file.storyboard; name = Base; path = Base.lproj/Main.storyboard; sourceTree = "<group>"; };
		13FF6A1B2675680A0043597D /* Info.plist */ = {isa = PBXFileReference; lastKnownFileType = text.plist.xml; path = Info.plist; sourceTree = "<group>"; };
		13FF6A1C2675680A0043597D /* LabelMaker.entitlements */ = {isa = PBXFileReference; lastKnownFileType = text.plist.entitlements; path = LabelMaker.entitlements; sourceTree = "<group>"; };
		13FF6A262675681F0043597D /* Tager Menu.appex */ = {isa = PBXFileReference; explicitFileType = "wrapper.app-extension"; includeInIndex = 0; path = "Tager Menu.appex"; sourceTree = BUILT_PRODUCTS_DIR; };
		13FF6A282675681F0043597D /* FinderSync.swift */ = {isa = PBXFileReference; lastKnownFileType = sourcecode.swift; path = FinderSync.swift; sourceTree = "<group>"; };
		13FF6A2A2675681F0043597D /* Info.plist */ = {isa = PBXFileReference; lastKnownFileType = text.plist.xml; path = Info.plist; sourceTree = "<group>"; };
		13FF6A2B2675681F0043597D /* Menu.entitlements */ = {isa = PBXFileReference; lastKnownFileType = text.plist.entitlements; path = Menu.entitlements; sourceTree = "<group>"; };
		13FF6A382675AE570043597D /* Storage.swift */ = {isa = PBXFileReference; lastKnownFileType = sourcecode.swift; path = Storage.swift; sourceTree = "<group>"; };
		13FF6A3D2675E45E0043597D /* MainWindowController.swift */ = {isa = PBXFileReference; lastKnownFileType = sourcecode.swift; path = MainWindowController.swift; sourceTree = "<group>"; };
		13FF6A402675FE580043597D /* IconModel.swift */ = {isa = PBXFileReference; lastKnownFileType = sourcecode.swift; path = IconModel.swift; sourceTree = "<group>"; };
		13FF6A4326765EDE0043597D /* IconItems.swift */ = {isa = PBXFileReference; lastKnownFileType = sourcecode.swift; path = IconItems.swift; sourceTree = "<group>"; };
		13FF6A4626765F460043597D /* IconItem.xib */ = {isa = PBXFileReference; lastKnownFileType = file.xib; path = IconItem.xib; sourceTree = "<group>"; };
/* End PBXFileReference section */

/* Begin PBXFrameworksBuildPhase section */
		13FF6A0C267568090043597D /* Frameworks */ = {
			isa = PBXFrameworksBuildPhase;
			buildActionMask = 2147483647;
			files = (
			);
			runOnlyForDeploymentPostprocessing = 0;
		};
		13FF6A232675681F0043597D /* Frameworks */ = {
			isa = PBXFrameworksBuildPhase;
			buildActionMask = 2147483647;
			files = (
			);
			runOnlyForDeploymentPostprocessing = 0;
		};
/* End PBXFrameworksBuildPhase section */

/* Begin PBXGroup section */
		139945EB268EADE400AD8CCA /* Tools */ = {
			isa = PBXGroup;
			children = (
				139945EC268EB14700AD8CCA /* ViewSnaper.swift */,
				13994659269AEBA000AD8CCA /* LocalizeString.swift */,
				1399464F26995D8D00AD8CCA /* LaunchController.swift */,
				1399465F269AED4600AD8CCA /* Localizable.strings */,
				139945EE268EBEF600AD8CCA /* MaxiumFontLabel.swift */,
				1399464526940F9900AD8CCA /* Symbols.swift */,
				136DCEE2269D3A4A00F95E17 /* Sandbox.swift */,
			);
			path = Tools;
			sourceTree = "<group>";
		};
		13FF6A06267568090043597D = {
			isa = PBXGroup;
			children = (
				13FF6A3B2675AE6A0043597D /* AppGroup */,
				13FF6A11267568090043597D /* LabelMaker */,
				13FF6A272675681F0043597D /* Menu */,
				13FF6A10267568090043597D /* Products */,
			);
			sourceTree = "<group>";
		};
		13FF6A10267568090043597D /* Products */ = {
			isa = PBXGroup;
			children = (
				13FF6A0F267568090043597D /* Tager.app */,
				13FF6A262675681F0043597D /* Tager Menu.appex */,
			);
			name = Products;
			sourceTree = "<group>";
		};
		13FF6A11267568090043597D /* LabelMaker */ = {
			isa = PBXGroup;
			children = (
				13FF6A1C2675680A0043597D /* LabelMaker.entitlements */,
				13FF6A1B2675680A0043597D /* Info.plist */,
				13FF6A12267568090043597D /* AppDelegate.swift */,
				139945EB268EADE400AD8CCA /* Tools */,
				13FF6A4226765EAC0043597D /* Model (Target Menu) */,
				13FF6A4526765EFF0043597D /* Views */,
				13FF6A3F2675E4650043597D /* Window */,
				13FF6A3C2675B1280043597D /* VC */,
			);
			path = LabelMaker;
			sourceTree = "<group>";
		};
		13FF6A272675681F0043597D /* Menu */ = {
			isa = PBXGroup;
			children = (
				13FF6A2B2675681F0043597D /* Menu.entitlements */,
				13FF6A2A2675681F0043597D /* Info.plist */,
				13FF6A282675681F0043597D /* FinderSync.swift */,
			);
			path = Menu;
			sourceTree = "<group>";
		};
		13FF6A3B2675AE6A0043597D /* AppGroup */ = {
			isa = PBXGroup;
			children = (
				13FF6A382675AE570043597D /* Storage.swift */,
				13FF6A162675680A0043597D /* Assets.xcassets */,
			);
			path = AppGroup;
			sourceTree = "<group>";
		};
		13FF6A3C2675B1280043597D /* VC */ = {
			isa = PBXGroup;
			children = (
				13FF6A182675680A0043597D /* Main.storyboard */,
				13FF6A14267568090043597D /* MainController.swift */,
				1399464B269730C100AD8CCA /* InfoViewController.swift */,
				13D11A6B2680701B00182F58 /* IconEditorViewController.swift */,
				139945F02691C4AF00AD8CCA /* SymbolPickerViewController.swift */,
			);
			path = VC;
			sourceTree = "<group>";
		};
		13FF6A3F2675E4650043597D /* Window */ = {
			isa = PBXGroup;
			children = (
				13FF6A3D2675E45E0043597D /* MainWindowController.swift */,
			);
			path = Window;
			sourceTree = "<group>";
		};
		13FF6A4226765EAC0043597D /* Model (Target Menu) */ = {
			isa = PBXGroup;
			children = (
				13FF6A402675FE580043597D /* IconModel.swift */,
				13E57C392684489B00EBD74F /* IconImage.swift */,
				13B5EB69267F372F0018D717 /* IconModelController.swift */,
			);
			path = "Model (Target Menu)";
			sourceTree = "<group>";
		};
		13FF6A4526765EFF0043597D /* Views */ = {
			isa = PBXGroup;
			children = (
				1399462E2692F88A00AD8CCA /* SymbolItem.swift */,
				1399464D2699547F00AD8CCA /* TextField.swift */,
				139946302692F92100AD8CCA /* SymbolItem.xib */,
				13FF6A4326765EDE0043597D /* IconItems.swift */,
				13FF6A4626765F460043597D /* IconItem.xib */,
			);
			path = Views;
			sourceTree = "<group>";
		};
/* End PBXGroup section */

/* Begin PBXNativeTarget section */
		13FF6A0E267568090043597D /* Tager */ = {
			isa = PBXNativeTarget;
			buildConfigurationList = 13FF6A1F2675680A0043597D /* Build configuration list for PBXNativeTarget "Tager" */;
			buildPhases = (
				13FF6A0B267568090043597D /* Sources */,
				13FF6A0C267568090043597D /* Frameworks */,
				13FF6A0D267568090043597D /* Resources */,
				13FF6A322675681F0043597D /* Embed App Extensions */,
			);
			buildRules = (
			);
			dependencies = (
				13FF6A2D2675681F0043597D /* PBXTargetDependency */,
			);
			name = Tager;
			productName = LabelMaker;
			productReference = 13FF6A0F267568090043597D /* Tager.app */;
			productType = "com.apple.product-type.application";
		};
		13FF6A252675681F0043597D /* Tager Menu */ = {
			isa = PBXNativeTarget;
			buildConfigurationList = 13FF6A2F2675681F0043597D /* Build configuration list for PBXNativeTarget "Tager Menu" */;
			buildPhases = (
				13FF6A222675681F0043597D /* Sources */,
				13FF6A232675681F0043597D /* Frameworks */,
				13FF6A242675681F0043597D /* Resources */,
			);
			buildRules = (
			);
			dependencies = (
			);
			name = "Tager Menu";
			productName = Menu;
			productReference = 13FF6A262675681F0043597D /* Tager Menu.appex */;
			productType = "com.apple.product-type.app-extension";
		};
/* End PBXNativeTarget section */

/* Begin PBXProject section */
		13FF6A07267568090043597D /* Project object */ = {
			isa = PBXProject;
			attributes = {
				LastSwiftUpdateCheck = 1250;
				LastUpgradeCheck = 1250;
				TargetAttributes = {
					13FF6A0E267568090043597D = {
						CreatedOnToolsVersion = 12.5;
					};
					13FF6A252675681F0043597D = {
						CreatedOnToolsVersion = 12.5;
					};
				};
			};
			buildConfigurationList = 13FF6A0A267568090043597D /* Build configuration list for PBXProject "LabelMaker" */;
			compatibilityVersion = "Xcode 9.3";
			developmentRegion = en;
			hasScannedForEncodings = 0;
			knownRegions = (
				en,
				Base,
				"zh-Hans",
			);
			mainGroup = 13FF6A06267568090043597D;
			productRefGroup = 13FF6A10267568090043597D /* Products */;
			projectDirPath = "";
			projectRoot = "";
			targets = (
				13FF6A0E267568090043597D /* Tager */,
				13FF6A252675681F0043597D /* Tager Menu */,
			);
		};
/* End PBXProject section */

/* Begin PBXResourcesBuildPhase section */
		13FF6A0D267568090043597D /* Resources */ = {
			isa = PBXResourcesBuildPhase;
			buildActionMask = 2147483647;
			files = (
				1399465C269AED4600AD8CCA /* Localizable.strings in Resources */,
				139946312692F92100AD8CCA /* SymbolItem.xib in Resources */,
				13FF6A172675680A0043597D /* Assets.xcassets in Resources */,
				13FF6A4726765F460043597D /* IconItem.xib in Resources */,
				13FF6A1A2675680A0043597D /* Main.storyboard in Resources */,
			);
			runOnlyForDeploymentPostprocessing = 0;
		};
		13FF6A242675681F0043597D /* Resources */ = {
			isa = PBXResourcesBuildPhase;
			buildActionMask = 2147483647;
			files = (
				13FF6A342675AD790043597D /* Assets.xcassets in Resources */,
				1399465D269AED4600AD8CCA /* Localizable.strings in Resources */,
			);
			runOnlyForDeploymentPostprocessing = 0;
		};
/* End PBXResourcesBuildPhase section */

/* Begin PBXSourcesBuildPhase section */
		13FF6A0B267568090043597D /* Sources */ = {
			isa = PBXSourcesBuildPhase;
			buildActionMask = 2147483647;
			files = (
				1399464626940F9900AD8CCA /* Symbols.swift in Sources */,
				139945F12691C4AF00AD8CCA /* SymbolPickerViewController.swift in Sources */,
				13D11A6C2680701B00182F58 /* IconEditorViewController.swift in Sources */,
				13FF6A4426765EDE0043597D /* IconItems.swift in Sources */,
				139945ED268EB14700AD8CCA /* ViewSnaper.swift in Sources */,
				1399462F2692F88A00AD8CCA /* SymbolItem.swift in Sources */,
				1399464E2699547F00AD8CCA /* TextField.swift in Sources */,
				13E57C3A2684489B00EBD74F /* IconImage.swift in Sources */,
				1399464C269730C100AD8CCA /* InfoViewController.swift in Sources */,
				13FF6A15267568090043597D /* MainController.swift in Sources */,
				136DCEE3269D3A4A00F95E17 /* Sandbox.swift in Sources */,
				13B5EB6A267F372F0018D717 /* IconModelController.swift in Sources */,
				13FF6A13267568090043597D /* AppDelegate.swift in Sources */,
				139945EF268EBEF600AD8CCA /* MaxiumFontLabel.swift in Sources */,
				1399465A269AEBA000AD8CCA /* LocalizeString.swift in Sources */,
				13FF6A412675FE580043597D /* IconModel.swift in Sources */,
				13FF6A392675AE570043597D /* Storage.swift in Sources */,
				1399465026995D8D00AD8CCA /* LaunchController.swift in Sources */,
				13FF6A3E2675E45E0043597D /* MainWindowController.swift in Sources */,
			);
			runOnlyForDeploymentPostprocessing = 0;
		};
		13FF6A222675681F0043597D /* Sources */ = {
			isa = PBXSourcesBuildPhase;
			buildActionMask = 2147483647;
			files = (
				13E57C3C268448E900EBD74F /* IconModelController.swift in Sources */,
				13E57C382684438800EBD74F /* IconModel.swift in Sources */,
				13FF6A292675681F0043597D /* FinderSync.swift in Sources */,
				136DCEE4269D421700F95E17 /* Sandbox.swift in Sources */,
				1399465B269AEBA000AD8CCA /* LocalizeString.swift in Sources */,
				13E57C3B2684489B00EBD74F /* IconImage.swift in Sources */,
				13FF6A3A2675AE5B0043597D /* Storage.swift in Sources */,
			);
			runOnlyForDeploymentPostprocessing = 0;
		};
/* End PBXSourcesBuildPhase section */

/* Begin PBXTargetDependency section */
		13FF6A2D2675681F0043597D /* PBXTargetDependency */ = {
			isa = PBXTargetDependency;
			target = 13FF6A252675681F0043597D /* Tager Menu */;
			targetProxy = 13FF6A2C2675681F0043597D /* PBXContainerItemProxy */;
		};
/* End PBXTargetDependency section */

/* Begin PBXVariantGroup section */
		1399465F269AED4600AD8CCA /* Localizable.strings */ = {
			isa = PBXVariantGroup;
			children = (
				1399465E269AED4600AD8CCA /* zh-Hans */,
				13994660269AED8000AD8CCA /* en */,
			);
			name = Localizable.strings;
			sourceTree = "<group>";
		};
		13FF6A182675680A0043597D /* Main.storyboard */ = {
			isa = PBXVariantGroup;
			children = (
				13FF6A192675680A0043597D /* Base */,
				13994653269AAB2900AD8CCA /* zh-Hans */,
				13994655269ADF0C00AD8CCA /* en */,
			);
			name = Main.storyboard;
			sourceTree = "<group>";
		};
/* End PBXVariantGroup section */

/* Begin XCBuildConfiguration section */
		13FF6A1D2675680A0043597D /* Debug */ = {
			isa = XCBuildConfiguration;
			buildSettings = {
				ALWAYS_SEARCH_USER_PATHS = NO;
				CLANG_ANALYZER_LOCALIZABILITY_NONLOCALIZED = YES;
				CLANG_ANALYZER_NONNULL = YES;
				CLANG_ANALYZER_NUMBER_OBJECT_CONVERSION = YES_AGGRESSIVE;
				CLANG_CXX_LANGUAGE_STANDARD = "gnu++14";
				CLANG_CXX_LIBRARY = "libc++";
				CLANG_ENABLE_MODULES = YES;
				CLANG_ENABLE_OBJC_ARC = YES;
				CLANG_ENABLE_OBJC_WEAK = YES;
				CLANG_WARN_BLOCK_CAPTURE_AUTORELEASING = YES;
				CLANG_WARN_BOOL_CONVERSION = YES;
				CLANG_WARN_COMMA = YES;
				CLANG_WARN_CONSTANT_CONVERSION = YES;
				CLANG_WARN_DEPRECATED_OBJC_IMPLEMENTATIONS = YES;
				CLANG_WARN_DIRECT_OBJC_ISA_USAGE = YES_ERROR;
				CLANG_WARN_DOCUMENTATION_COMMENTS = YES;
				CLANG_WARN_EMPTY_BODY = YES;
				CLANG_WARN_ENUM_CONVERSION = YES;
				CLANG_WARN_INFINITE_RECURSION = YES;
				CLANG_WARN_INT_CONVERSION = YES;
				CLANG_WARN_NON_LITERAL_NULL_CONVERSION = YES;
				CLANG_WARN_OBJC_IMPLICIT_RETAIN_SELF = YES;
				CLANG_WARN_OBJC_LITERAL_CONVERSION = YES;
				CLANG_WARN_OBJC_ROOT_CLASS = YES_ERROR;
				CLANG_WARN_QUOTED_INCLUDE_IN_FRAMEWORK_HEADER = YES;
				CLANG_WARN_RANGE_LOOP_ANALYSIS = YES;
				CLANG_WARN_STRICT_PROTOTYPES = YES;
				CLANG_WARN_SUSPICIOUS_MOVE = YES;
				CLANG_WARN_UNGUARDED_AVAILABILITY = YES_AGGRESSIVE;
				CLANG_WARN_UNREACHABLE_CODE = YES;
				CLANG_WARN__DUPLICATE_METHOD_MATCH = YES;
				COPY_PHASE_STRIP = NO;
				DEBUG_INFORMATION_FORMAT = dwarf;
				ENABLE_STRICT_OBJC_MSGSEND = YES;
				ENABLE_TESTABILITY = YES;
				GCC_C_LANGUAGE_STANDARD = gnu11;
				GCC_DYNAMIC_NO_PIC = NO;
				GCC_NO_COMMON_BLOCKS = YES;
				GCC_OPTIMIZATION_LEVEL = 0;
				GCC_PREPROCESSOR_DEFINITIONS = (
					"DEBUG=1",
					"$(inherited)",
				);
				GCC_WARN_64_TO_32_BIT_CONVERSION = YES;
				GCC_WARN_ABOUT_RETURN_TYPE = YES_ERROR;
				GCC_WARN_UNDECLARED_SELECTOR = YES;
				GCC_WARN_UNINITIALIZED_AUTOS = YES_AGGRESSIVE;
				GCC_WARN_UNUSED_FUNCTION = YES;
				GCC_WARN_UNUSED_VARIABLE = YES;
				MACOSX_DEPLOYMENT_TARGET = 11.0;
				MTL_ENABLE_DEBUG_INFO = INCLUDE_SOURCE;
				MTL_FAST_MATH = YES;
				ONLY_ACTIVE_ARCH = YES;
				SDKROOT = macosx;
				SWIFT_ACTIVE_COMPILATION_CONDITIONS = DEBUG;
				SWIFT_OPTIMIZATION_LEVEL = "-Onone";
			};
			name = Debug;
		};
		13FF6A1E2675680A0043597D /* Release */ = {
			isa = XCBuildConfiguration;
			buildSettings = {
				ALWAYS_SEARCH_USER_PATHS = NO;
				CLANG_ANALYZER_LOCALIZABILITY_NONLOCALIZED = YES;
				CLANG_ANALYZER_NONNULL = YES;
				CLANG_ANALYZER_NUMBER_OBJECT_CONVERSION = YES_AGGRESSIVE;
				CLANG_CXX_LANGUAGE_STANDARD = "gnu++14";
				CLANG_CXX_LIBRARY = "libc++";
				CLANG_ENABLE_MODULES = YES;
				CLANG_ENABLE_OBJC_ARC = YES;
				CLANG_ENABLE_OBJC_WEAK = YES;
				CLANG_WARN_BLOCK_CAPTURE_AUTORELEASING = YES;
				CLANG_WARN_BOOL_CONVERSION = YES;
				CLANG_WARN_COMMA = YES;
				CLANG_WARN_CONSTANT_CONVERSION = YES;
				CLANG_WARN_DEPRECATED_OBJC_IMPLEMENTATIONS = YES;
				CLANG_WARN_DIRECT_OBJC_ISA_USAGE = YES_ERROR;
				CLANG_WARN_DOCUMENTATION_COMMENTS = YES;
				CLANG_WARN_EMPTY_BODY = YES;
				CLANG_WARN_ENUM_CONVERSION = YES;
				CLANG_WARN_INFINITE_RECURSION = YES;
				CLANG_WARN_INT_CONVERSION = YES;
				CLANG_WARN_NON_LITERAL_NULL_CONVERSION = YES;
				CLANG_WARN_OBJC_IMPLICIT_RETAIN_SELF = YES;
				CLANG_WARN_OBJC_LITERAL_CONVERSION = YES;
				CLANG_WARN_OBJC_ROOT_CLASS = YES_ERROR;
				CLANG_WARN_QUOTED_INCLUDE_IN_FRAMEWORK_HEADER = YES;
				CLANG_WARN_RANGE_LOOP_ANALYSIS = YES;
				CLANG_WARN_STRICT_PROTOTYPES = YES;
				CLANG_WARN_SUSPICIOUS_MOVE = YES;
				CLANG_WARN_UNGUARDED_AVAILABILITY = YES_AGGRESSIVE;
				CLANG_WARN_UNREACHABLE_CODE = YES;
				CLANG_WARN__DUPLICATE_METHOD_MATCH = YES;
				COPY_PHASE_STRIP = NO;
				DEBUG_INFORMATION_FORMAT = "dwarf-with-dsym";
				ENABLE_NS_ASSERTIONS = NO;
				ENABLE_STRICT_OBJC_MSGSEND = YES;
				GCC_C_LANGUAGE_STANDARD = gnu11;
				GCC_NO_COMMON_BLOCKS = YES;
				GCC_WARN_64_TO_32_BIT_CONVERSION = YES;
				GCC_WARN_ABOUT_RETURN_TYPE = YES_ERROR;
				GCC_WARN_UNDECLARED_SELECTOR = YES;
				GCC_WARN_UNINITIALIZED_AUTOS = YES_AGGRESSIVE;
				GCC_WARN_UNUSED_FUNCTION = YES;
				GCC_WARN_UNUSED_VARIABLE = YES;
				MACOSX_DEPLOYMENT_TARGET = 11.0;
				MTL_ENABLE_DEBUG_INFO = NO;
				MTL_FAST_MATH = YES;
				SDKROOT = macosx;
				SWIFT_COMPILATION_MODE = wholemodule;
				SWIFT_OPTIMIZATION_LEVEL = "-O";
			};
			name = Release;
		};
		13FF6A202675680A0043597D /* Debug */ = {
			isa = XCBuildConfiguration;
			buildSettings = {
				ALWAYS_EMBED_SWIFT_STANDARD_LIBRARIES = YES;
				ASSETCATALOG_COMPILER_APPICON_NAME = AppIcon;
				ASSETCATALOG_COMPILER_GLOBAL_ACCENT_COLOR_NAME = AccentColor;
				CODE_SIGN_ENTITLEMENTS = LabelMaker/LabelMaker.entitlements;
				CODE_SIGN_STYLE = Automatic;
				COMBINE_HIDPI_IMAGES = YES;
				CURRENT_PROJECT_VERSION = 16;
				DEVELOPMENT_TEAM = K2D6DE8NGJ;
				ENABLE_HARDENED_RUNTIME = YES;
				INFOPLIST_FILE = LabelMaker/Info.plist;
				LD_RUNPATH_SEARCH_PATHS = (
					"$(inherited)",
					"@executable_path/../Frameworks",
				);
				MARKETING_VERSION = 1.0.4;
				PRODUCT_BUNDLE_IDENTIFIER = EdmundSoftware.LabelMaker;
				PRODUCT_NAME = "$(TARGET_NAME)";
				SWIFT_VERSION = 5.0;
			};
			name = Debug;
		};
		13FF6A212675680A0043597D /* Release */ = {
			isa = XCBuildConfiguration;
			buildSettings = {
				ALWAYS_EMBED_SWIFT_STANDARD_LIBRARIES = YES;
				ASSETCATALOG_COMPILER_APPICON_NAME = AppIcon;
				ASSETCATALOG_COMPILER_GLOBAL_ACCENT_COLOR_NAME = AccentColor;
				CODE_SIGN_ENTITLEMENTS = LabelMaker/LabelMaker.entitlements;
				CODE_SIGN_STYLE = Automatic;
				COMBINE_HIDPI_IMAGES = YES;
				CURRENT_PROJECT_VERSION = 16;
				DEVELOPMENT_TEAM = K2D6DE8NGJ;
				ENABLE_HARDENED_RUNTIME = YES;
				INFOPLIST_FILE = LabelMaker/Info.plist;
				LD_RUNPATH_SEARCH_PATHS = (
					"$(inherited)",
					"@executable_path/../Frameworks",
				);
				MARKETING_VERSION = 1.0.4;
				PRODUCT_BUNDLE_IDENTIFIER = EdmundSoftware.LabelMaker;
				PRODUCT_NAME = "$(TARGET_NAME)";
				SWIFT_VERSION = 5.0;
			};
			name = Release;
		};
		13FF6A302675681F0043597D /* Debug */ = {
			isa = XCBuildConfiguration;
			buildSettings = {
				CODE_SIGN_ENTITLEMENTS = Menu/Menu.entitlements;
				CODE_SIGN_STYLE = Automatic;
				COMBINE_HIDPI_IMAGES = YES;
				CURRENT_PROJECT_VERSION = 16;
				DEVELOPMENT_TEAM = K2D6DE8NGJ;
				ENABLE_HARDENED_RUNTIME = YES;
				INFOPLIST_FILE = Menu/Info.plist;
				LD_RUNPATH_SEARCH_PATHS = (
					"$(inherited)",
					"@executable_path/../Frameworks",
					"@executable_path/../../../../Frameworks",
				);
				MARKETING_VERSION = 1.0.4;
				PRODUCT_BUNDLE_IDENTIFIER = EdmundSoftware.LabelMaker.Menu;
				PRODUCT_NAME = "$(TARGET_NAME)";
				SKIP_INSTALL = YES;
				SWIFT_VERSION = 5.0;
			};
			name = Debug;
		};
		13FF6A312675681F0043597D /* Release */ = {
			isa = XCBuildConfiguration;
			buildSettings = {
				CODE_SIGN_ENTITLEMENTS = Menu/Menu.entitlements;
				CODE_SIGN_STYLE = Automatic;
				COMBINE_HIDPI_IMAGES = YES;
				CURRENT_PROJECT_VERSION = 16;
				DEVELOPMENT_TEAM = K2D6DE8NGJ;
				ENABLE_HARDENED_RUNTIME = YES;
				INFOPLIST_FILE = Menu/Info.plist;
				LD_RUNPATH_SEARCH_PATHS = (
					"$(inherited)",
					"@executable_path/../Frameworks",
					"@executable_path/../../../../Frameworks",
				);
				MARKETING_VERSION = 1.0.4;
				PRODUCT_BUNDLE_IDENTIFIER = EdmundSoftware.LabelMaker.Menu;
				PRODUCT_NAME = "$(TARGET_NAME)";
				SKIP_INSTALL = YES;
				SWIFT_VERSION = 5.0;
			};
			name = Release;
		};
/* End XCBuildConfiguration section */

/* Begin XCConfigurationList section */
		13FF6A0A267568090043597D /* Build configuration list for PBXProject "LabelMaker" */ = {
			isa = XCConfigurationList;
			buildConfigurations = (
				13FF6A1D2675680A0043597D /* Debug */,
				13FF6A1E2675680A0043597D /* Release */,
			);
			defaultConfigurationIsVisible = 0;
			defaultConfigurationName = Release;
		};
		13FF6A1F2675680A0043597D /* Build configuration list for PBXNativeTarget "Tager" */ = {
			isa = XCConfigurationList;
			buildConfigurations = (
				13FF6A202675680A0043597D /* Debug */,
				13FF6A212675680A0043597D /* Release */,
			);
			defaultConfigurationIsVisible = 0;
			defaultConfigurationName = Release;
		};
		13FF6A2F2675681F0043597D /* Build configuration list for PBXNativeTarget "Tager Menu" */ = {
			isa = XCConfigurationList;
			buildConfigurations = (
				13FF6A302675681F0043597D /* Debug */,
				13FF6A312675681F0043597D /* Release */,
			);
			defaultConfigurationIsVisible = 0;
			defaultConfigurationName = Release;
		};
/* End XCConfigurationList section */
	};
	rootObject = 13FF6A07267568090043597D /* Project object */;
}
